
Microsoft Visual Studio Solution File, Format Version 12.00
# Visual Studio Version 17
VisualStudioVersion = 17.11.35222.181
MinimumVisualStudioVersion = 10.0.40219.1
Project("{FAE04EC0-301F-11D3-BF4B-00C04F79EFBC}") = "TP4", "TP4.csproj", "{5693ED3C-676B-4A72-B560-35E25264274A}"
EndProject
Global
	GlobalSection(SolutionConfigurationPlatforms) = preSolution
		Debug|Any CPU = Debug|Any CPU
		Release|Any CPU = Release|Any CPU
	EndGlobalSection
	GlobalSection(ProjectConfigurationPlatforms) = postSolution
		{5693ED3C-676B-4A72-B560-35E25264274A}.Debug|Any CPU.ActiveCfg = Debug|Any CPU
		{5693ED3C-676B-4A72-B560-35E25264274A}.Debug|Any CPU.Build.0 = Debug|Any CPU
		{5693ED3C-676B-4A72-B560-35E25264274A}.Release|Any CPU.ActiveCfg = Release|Any CPU
		{5693ED3C-676B-4A72-B560-35E25264274A}.Release|Any CPU.Build.0 = Release|Any CPU
	EndGlobalSection
	GlobalSection(SolutionProperties) = preSolution
		HideSolutionNode = FALSE
	EndGlobalSection
	GlobalSection(ExtensibilityGlobals) = postSolution
		SolutionGuid = {E782973B-F0EA-46BB-BBF9-4320A9179BE9}
	EndGlobalSection
EndGlobal
